github.com/aws/aws-sdk-go v1.55.7 h1:UJrkFq7es5CShfBwlWAC8DA077vp8PyVbQd3lqLiztE=
github.com/aws/aws-sdk-go v1.55.7/go.mod h1:eRwEWoyTWFMVYVQzKMNHWP5/RV4xIUGMQfXQHfHkpNU=
github.com/aws/aws-sdk-go-v2 v1.30.1 h1:4y/5Dvfrhd1MxRDD77SrfsDaj8kUkkljU7XE83NPV+o=
github.com/aws/aws-sdk-go-v2 v1.30.1/go.mod h1:nIQjQVp5sfpQcTc9mPSr1B0PaWK5ByX9MOoDadSN4lc=
github.com/aws/aws-sdk-go-v2/aws/protocol/eventstream v1.6.10 h1:zAybnyUQXIZ5mok5Jqwlf58/TFE7uvd3IAsa1aF9cXs=
github.com/aws/aws-sdk-go-v2/aws/protocol/eventstream v1.6.10/go.mod h1:qqvMj6gHLR/EXWZw4ZbqlPbQUyenf4h82UQUlKc+l14=
github.com/aws/aws-sdk-go-v2/config v1.27.24 h1:NM9XicZ5o1CBU/MZaHwFtimRpWx9ohAUAqkG6AqSqPo=
github.com/aws/aws-sdk-go-v2/config v1.27.24/go.mod h1:aXzi6QJTuQRVVusAO8/NxpdTeTyr/wRcybdDtfUwJSs=
github.com/aws/aws-sdk-go-v2/credentials v1.17.24 h1:YclAsrnb1/GTQNt2nzv+756Iw4mF8AOzcDfweWwwm/M=
github.com/aws/aws-sdk-go-v2/credentials v1.17.24/go.mod h1:Hld7tmnAkoBQdTMNYZGzztzKRdA4fCdn9L83LOoigac=
github.com/aws/aws-sdk-go-v2/feature/ec2/imds v1.16.9 h1:Aznqksmd6Rfv2HQN9cpqIV/lQRMaIpJkLLaJ1ZI76no=
github.com/aws/aws-sdk-go-v2/feature/ec2/imds v1.16.9/go.mod h1:WQr3MY7AxGNxaqAtsDWn+fBxmd4XvLkzeqQ8P1VM0/w=
github.com/aws/aws-sdk-go-v2/feature/s3/manager v1.15.15 h1:2MUXyGW6dVaQz6aqycpbdLIH1NMcUI6kW6vQ0RabGYg=
github.com/aws/aws-sdk-go-v2/feature/s3/manager v1.15.15/go.mod h1:aHbhbR6WEQgHAiRj41EQ2W47yOYwNtIkWTXmcAtYqj8=
github.com/aws/aws-sdk-go-v2/internal/configsources v1.3.13 h1:5SAoZ4jYpGH4721ZNoS1znQrhOfZinOhc4XuTXx/nVc=
github.com/aws/aws-sdk-go-v2/internal/configsources v1.3.13/go.mod h1:+rdA6ZLpaSeM7tSg/B0IEDinCIBJGmW8rKDFkYpP04g=
github.com/aws/aws-sdk-go-v2/internal/endpoints/v2 v2.6.13 h1:WIijqeaAO7TYFLbhsZmi2rgLEAtWOC1LhxCAVTJlSKw=
github.com/aws/aws-sdk-go-v2/internal/endpoints/v2 v2.6.13/go.mod h1:i+kbfa76PQbWw/ULoWnp51EYVWH4ENln76fLQE3lXT8=
github.com/aws/aws-sdk-go-v2/internal/ini v1.8.3 h1:bIqFDwgGXXN1Kpp99pDOdKMTTb5d2KyU5X/BZxjOkRo=
github.com/aws/aws-sdk-go-v2/internal/ini v1.8.3/go.mod h1:H5O/EsxDWyU+LP/V8i5sm8cxoZgc2fdNR9bxlOFrQTo=
github.com/aws/aws-sdk-go-v2/internal/v4a v1.3.13 h1:THZJJ6TU/FOiM7DZFnisYV9d49oxXWUzsVIMTuf3VNU=
github.com/aws/aws-sdk-go-v2/internal/v4a v1.3.13/go.mod h1:VISUTg6n+uBaYIWPBaIG0jk7mbBxm7DUqBtU2cUDDWI=
github.com/aws/aws-sdk-go-v2/service/internal/accept-encoding v1.12.3 h1:eAh2A4b5IzM/lum78bZ590jy36+d/aFLgKF/4Vd1xPE=
github.com/aws/aws-sdk-go-v2/service/internal/accept-encoding v1.12.3/go.mod h1:0yKJC/kb8sAnmlYa6Zs3QVYqaC8ug2AbnNChv5Ox3uA=
github.com/aws/aws-sdk-go-v2/service/internal/checksum v1.3.15 h1:2jyRZ9rVIMisyQRnhSS/SqlckveoxXneIumECVFP91Y=
github.com/aws/aws-sdk-go-v2/service/internal/checksum v1.3.15/go.mod h1:bDRG3m382v1KJBk1cKz7wIajg87/61EiiymEyfLvAe0=
github.com/aws/aws-sdk-go-v2/service/internal/presigned-url v1.11.15 h1:I9zMeF107l0rJrpnHpjEiiTSCKYAIw8mALiXcPsGBiA=
github.com/aws/aws-sdk-go-v2/service/internal/presigned-url v1.11.15/go.mod h1:9xWJ3Q/S6Ojusz1UIkfycgD1mGirJfLLKqq3LPT7WN8=
github.com/aws/aws-sdk-go-v2/service/internal/s3shared v1.17.13 h1:Eq2THzHt6P41mpjS2sUzz/3dJYFRqdWZ+vQaEMm98EM=
github.com/aws/aws-sdk-go-v2/service/internal/s3shared v1.17.13/go.mod h1:FgwTca6puegxgCInYwGjmd4tB9195Dd6LCuA+8MjpWw=
github.com/aws/aws-sdk-go-v2/service/s3 v1.58.0 h1:4rhV0Hn+bf8IAIUphRX1moBcEvKJipCPmswMCl6Q5mw=
github.com/aws/aws-sdk-go-v2/service/s3 v1.58.0/go.mod h1:hdV0NTYd0RwV4FvNKhKUNbPLZoq9CTr/lke+3I7aCAI=
github.com/aws/aws-sdk-go-v2/service/sso v1.22.1 h1:p1GahKIjyMDZtiKoIn0/jAj/TkMzfzndDv5+zi2Mhgc=
github.com/aws/aws-sdk-go-v2/service/sso v1.22.1/go.mod h1:/vWdhoIoYA5hYoPZ6fm7Sv4d8701PiG5VKe8/pPJL60=
github.com/aws/aws-sdk-go-v2/service/ssooidc v1.26.2 h1:ORnrOK0C4WmYV/uYt3koHEWBLYsRDwk2Np+eEoyV4Z0=
github.com/aws/aws-sdk-go-v2/service/ssooidc v1.26.2/go.mod h1:xyFHA4zGxgYkdD73VeezHt3vSKEG9EmFnGwoKlP00u4=
github.com/aws/aws-sdk-go-v2/service/sts v1.30.1 h1:+woJ607dllHJQtsnJLi52ycuqHMwlW+Wqm2Ppsfp4nQ=
github.com/aws/aws-sdk-go-v2/service/sts v1.30.1/go.mod h1:jiNR3JqT15Dm+QWq2SRgh0x0bCNSRP2L25+CqPNpJlQ=
github.com/aws/smithy-go v1.22.2 h1:6D9hW43xKFrRx/tXXfAlIZc4JI+yQe6snnWcQyxSyLQ=
github.com/aws/smithy-go v1.22.2/go.mod h1:irrKGvNn1InZwb2d7fkIRNucdfwR8R+Ts3wxYa/cJHg=
github.com/beam-cloud/clip v0.0.0-20250521174346-d8da33b0c2da h1:fTiTq6rAktrwpmZ3ombYaPOE2xODm1IDozM5Qid61X0=
github.com/beam-cloud/clip v0.0.0-20250521174346-d8da33b0c2da/go.mod h1:gVyRTW1D6Ag8vxeX9zFvyoRRUSBypBrStt80tYGqShY=
github.com/beam-cloud/clip v0.0.0-20250521180154-84f02b70bdba h1:F0xAvRQ8h5hvMQZ+G9IFekimutlirM8ywhDOJclKWg8=
github.com/beam-cloud/clip v0.0.0-20250521180154-84f02b70bdba/go.mod h1:gVyRTW1D6Ag8vxeX9zFvyoRRUSBypBrStt80tYGqShY=
github.com/beam-cloud/clip v0.0.0-20250521185505-af5e552df031 h1:/6Gelsj9qBlWpcJyjRV+uNdoWnYereOEItf5qi9sbSc=
github.com/beam-cloud/clip v0.0.0-20250521185505-af5e552df031/go.mod h1:gVyRTW1D6Ag8vxeX9zFvyoRRUSBypBrStt80tYGqShY=
github.com/beam-cloud/clip v0.0.0-20250521192656-2c3021dbda38 h1:yRmmOPDsxtsj3ZzDj0EEi5136hf8YNoafo6va02TNWw=
github.com/beam-cloud/clip v0.0.0-20250521192656-2c3021dbda38/go.mod h1:gVyRTW1D6Ag8vxeX9zFvyoRRUSBypBrStt80tYGqShY=
github.com/beam-cloud/clip v0.0.0-20250521213910-2ab7aa9e0e47 h1:GIwj/PeeRfbQFFQveGSRx39M7GE7CJxW2H+mFEuA5Io=
github.com/beam-cloud/clip v0.0.0-20250521213910-2ab7aa9e0e47/go.mod h1:gVyRTW1D6Ag8vxeX9zFvyoRRUSBypBrStt80tYGqShY=
github.com/beam-cloud/clip v0.0.0-20250521223111-d7242796679c h1:m9WAjxHTZTlSIsHj7Xcs2u8NC/k6304i+DsyuMdjUqI=
github.com/beam-cloud/clip v0.0.0-20250521223111-d7242796679c/go.mod h1:gVyRTW1D6Ag8vxeX9zFvyoRRUSBypBrStt80tYGqShY=
github.com/beam-cloud/clip v0.0.0-20250522210115-aa0919cea43b h1:Yon1zQWqf8SR3WZq/UwxhaniVe8Y2BvDEyAAahHR3gg=
github.com/beam-cloud/clip v0.0.0-20250522210115-aa0919cea43b/go.mod h1:gVyRTW1D6Ag8vxeX9zFvyoRRUSBypBrStt80tYGqShY=
github.com/beam-cloud/clip v0.0.0-20250522213630-2c7ba3905bf8 h1:F3XlwDRVn+VPERYs3aXjgsN5koJI9fFUgJpdDipcWm4=
github.com/beam-cloud/clip v0.0.0-20250522213630-2c7ba3905bf8/go.mod h1:gVyRTW1D6Ag8vxeX9zFvyoRRUSBypBrStt80tYGqShY=
github.com/beam-cloud/rendezvous v0.0.0-20250415141250-2a0f81633db8 h1:lc3G6/sHW4e5/XPHO2w2Ni43fbu42nojS/uX45Ws6Ck=
github.com/beam-cloud/rendezvous v0.0.0-20250415141250-2a0f81633db8/go.mod h1:rqrE88LppghBMjFICaVTVJ8CnAhg9UmdQUVA7iDNUow=
github.com/beam-cloud/ristretto v0.0.0-20241013204426-d1403e359aa2 h1:RvgYbYPfBiq2IvimR4Vll2ImJsElX3oPLU9OjVvjE0c=
github.com/beam-cloud/ristretto v0.0.0-20241013204426-d1403e359aa2/go.mod h1:62+lvDbHv0JqIFy0bR8z8TJ7nIxTbDey7TDNMSWQXjA=
github.com/bsm/ginkgo/v2 v2.12.0 h1:Ny8MWAHyOepLGlLKYmXG4IEkioBysk6GpaRTLC8zwWs=
github.com/bsm/ginkgo/v2 v2.12.0/go.mod h1:SwYbGRRDovPVboqFv0tPTcG1sN61LM1Z4ARdbAV9g4c=
github.com/bsm/gomega v1.27.10 h1:yeMWxP2pV2fG3FgAODIY8EiRE3dy0aeFYt4l7wh6yKA=
github.com/bsm/gomega v1.27.10/go.mod h1:JyEr/xRbxbtgWNi8tIEVPUYZ5Dzef52k01W3YH0H+O0=
github.com/bsm/redislock v0.9.4 h1:X/Wse1DPpiQgHbVYRE9zv6m070UcKoOGekgvpNhiSvw=
github.com/bsm/redislock v0.9.4/go.mod h1:Epf7AJLiSFwLCiZcfi6pWFO/8eAYrYpQXFxEDPoDeAk=
github.com/cespare/xxhash/v2 v2.3.0 h1:UL815xU9SqsFlibzuggzjXhog7bL6oX9BbNZnL2UFvs=
github.com/cespare/xxhash/v2 v2.3.0/go.mod h1:VGX0DQ3Q6kWi7AoAeZDth3/j3BFtOZR5XLFGgcrjCOs=
github.com/containerd/stargz-snapshotter/estargz v0.16.3 h1:7evrXtoh1mSbGj/pfRccTampEyKpjpOnS3CyiV1Ebr8=
github.com/containerd/stargz-snapshotter/estargz v0.16.3/go.mod h1:uyr4BfYfOj3G9WBVE8cOlQmXAbPN9VEQpBBeJIuOipU=
github.com/coreos/go-systemd/v22 v22.5.0/go.mod h1:Y58oyj3AT4RCenI/lSvhwexgC+NSVTIJ3seZv2GcEnc=
github.com/creack/pty v1.1.9/go.mod h1:oKZEueFk5CKHvIhNR5MUki03XCEU+Q6VDXinZuGJ33E=
github.com/davecgh/go-spew v1.1.0/go.mod h1:J7Y8YcW2NihsgmVo/mv3lAwl/skON4iLHjSsI+c5H38=
github.com/davecgh/go-spew v1.1.1/go.mod h1:J7Y8YcW2NihsgmVo/mv3lAwl/skON4iLHjSsI+c5H38=
github.com/davecgh/go-spew v1.1.2-0.20180830191138-d8f796af33cc h1:U9qPSI2PIWSS1VwoXQT9A3Wy9MM3WgvqSxFWenqJduM=
github.com/davecgh/go-spew v1.1.2-0.20180830191138-d8f796af33cc/go.mod h1:J7Y8YcW2NihsgmVo/mv3lAwl/skON4iLHjSsI+c5H38=
github.com/deckarep/golang-set/v2 v2.6.0 h1:XfcQbWM1LlMB8BsJ8N9vW5ehnnPVIw0je80NsVHagjM=
github.com/deckarep/golang-set/v2 v2.6.0/go.mod h1:VAky9rY/yGXJOLEDv3OMci+7wtDpOF4IN+y82NBOac4=
github.com/dgraph-io/ristretto v1.0.0 h1:SYG07bONKMlFDUYu5pEu3DGAh8c2OFNzKm6G9J4Si84=
github.com/dgraph-io/ristretto v1.0.0/go.mod h1:jTi2FiYEhQ1NsMmA7DeBykizjOuY88NhKBkepyu1jPc=
github.com/dgryski/go-farm v0.0.0-20200201041132-a6ae2369ad13 h1:fAjc9m62+UWV/WAFKLNi6ZS0675eEUC9y3AlwSbQu1Y=
github.com/dgryski/go-farm v0.0.0-20200201041132-a6ae2369ad13/go.mod h1:SqUrOPUnsFjfmXRMNPybcSiG0BgUW2AuFH8PAnS2iTw=
github.com/dgryski/go-rendezvous v0.0.0-20200823014737-9f7001d12a5f h1:lO4WD4F/rVNCu3HqELle0jiPLLBs70cWOduZpkS1E78=
github.com/dgryski/go-rendezvous v0.0.0-20200823014737-9f7001d12a5f/go.mod h1:cuUVRXasLTGF7a8hSLbxyZXjz+1KgoB3wDUb6vlszIc=
github.com/djherbis/atime v1.1.0 h1:rgwVbP/5by8BvvjBNrbh64Qz33idKT3pSnMSJsxhi0g=
github.com/djherbis/atime v1.1.0/go.mod h1:28OF6Y8s3NQWwacXc5eZTsEsiMzp7LF8MbXE+XJPdBE=
github.com/docker/cli v27.5.0+incompatible h1:aMphQkcGtpHixwwhAXJT1rrK/detk2JIvDaFkLctbGM=
github.com/docker/cli v27.5.0+incompatible/go.mod h1:JLrzqnKDaYBop7H2jaqPtU4hHvMKP+vjCwu2uszcLI8=
github.com/docker/distribution v2.8.3+incompatible h1:AtKxIZ36LoNK51+Z6RpzLpddBirtxJnzDrHLEKxTAYk=
github.com/docker/distribution v2.8.3+incompatible/go.mod h1:J2gT2udsDAN96Uj4KfcMRqY0/ypR+oyYUYmja8H+y+w=
github.com/docker/docker-credential-helpers v0.8.2 h1:bX3YxiGzFP5sOXWc3bTPEXdEaZSeVMrFgOr3T+zrFAo=
github.com/docker/docker-credential-helpers v0.8.2/go.mod h1:P3ci7E3lwkZg6XiHdRKft1KckHiO9a2rNtyFbZ/ry9M=
github.com/dustin/go-humanize v1.0.1 h1:GzkhY7T5VNhEkwH0PVJgjz+fX1rhBrR7pRT3mDkpeCY=
github.com/dustin/go-humanize v1.0.1/go.mod h1:Mu1zIs6XwVuF/gI1OepvI0qD18qycQx+mFykh5fBlto=
github.com/fsnotify/fsnotify v1.7.0 h1:8JEhPFa5W2WU7YfeZzPNqzMP6Lwt7L2715Ggo0nosvA=
github.com/fsnotify/fsnotify v1.7.0/go.mod h1:40Bi/Hjc2AVfZrqy+aj+yEI+/bRxZnMJyTJwOpGvigM=
github.com/go-faker/faker/v4 v4.6.0 h1:6aOPzNptRiDwD14HuAnEtlTa+D1IfFuEHO8+vEFwjTs=
github.com/go-faker/faker/v4 v4.6.0/go.mod h1:ZmrHuVtTTm2Em9e0Du6CJ9CADaLEzGXW62z1YqFH0m0=
github.com/go-logr/logr v1.4.2 h1:6pFjapn8bFcIbiKo3XT4j/BhANplGihG6tvd+8rYgrY=
github.com/go-logr/logr v1.4.2/go.mod h1:9T104GzyrTigFIr8wt5mBrctHMim0Nb2HLGrmQ40KvY=
github.com/go-logr/stdr v1.2.2 h1:hSWxHoqTgW2S2qGc0LTAI563KZ5YKYRhT3MFKZMbjag=
github.com/go-logr/stdr v1.2.2/go.mod h1:mMo/vtBO5dYbehREoey6XUKy/eSumjCCveDpRre4VKE=
github.com/go-ole/go-ole v1.2.6/go.mod h1:pprOEPIfldk/42T2oK7lQ4v4JSDwmV0As9GaiUsvbm0=
github.com/go-ole/go-ole v1.3.0 h1:Dt6ye7+vXGIKZ7Xtk4s6/xVdGDQynvom7xCFEdWr6uE=
github.com/go-ole/go-ole v1.3.0/go.mod h1:5LS6F96DhAwUc7C+1HLexzMXY1xGRSryjyPPKW6zv78=
github.com/godbus/dbus/v5 v5.0.4/go.mod h1:xhWf0FNVPg57R7Z0UbKHbJfkEywrmjJnf7w5xrFpKfA=
github.com/gofrs/flock v0.8.1 h1:+gYjHKf32LDeiEEFhQaotPbLuUXjY5ZqxKgXy7n59aw=
github.com/gofrs/flock v0.8.1/go.mod h1:F1TvTiK9OcQqauNUHlbJvyl9Qa1QvF/gOUDKA14jxHU=
github.com/golang/protobuf v1.5.4 h1:i7eJL8qZTpSEXOPTxNKhASYpMn+8e5Q6AdndVa1dWek=
github.com/golang/protobuf v1.5.4/go.mod h1:lnTiLA8Wa4RWRcIUkrtSVa5nRhsEGBg48fD6rSs7xps=
github.com/google/go-cmp v0.7.0 h1:wk8382ETsv4JYUZwIsn6YpYiWiBsYLSJiTsyBybVuN8=
github.com/google/go-cmp v0.7.0/go.mod h1:pXiqmnSA92OHEEa9HXL2W4E7lf9JzCmGVUdgjX3N/iU=
github.com/google/go-containerregistry v0.19.1 h1:yMQ62Al6/V0Z7CqIrrS1iYoA5/oQCm88DeNujc7C1KY=
github.com/google/go-containerregistry v0.19.1/go.mod h1:YCMFNQeeXeLF+dnhhWkqDItx/JSkH01j1Kis4PsjzFI=
github.com/google/uuid v1.6.0 h1:NIvaJDMOsjHA8n1jAhLSgzrAzy1Hgr+hNrb57e+94F0=
github.com/google/uuid v1.6.0/go.mod h1:TIyPZe4MgqvfeYDBFedMoGGpEw/LqOeaOT+nhxU+yHo=
github.com/hanwen/go-fuse/v2 v2.5.1 h1:OQBE8zVemSocRxA4OaFJbjJ5hlpCmIWbGr7r0M4uoQQ=
github.com/hanwen/go-fuse/v2 v2.5.1/go.mod h1:xKwi1cF7nXAOBCXujD5ie0ZKsxc8GGSA1rlMJc+8IJs=
github.com/jarcoal/httpmock v1.4.0 h1:BvhqnH0JAYbNudL2GMJKgOHe2CtKlzJ/5rWKyp+hc2k=
github.com/jarcoal/httpmock v1.4.0/go.mod h1:ftW1xULwo+j0R0JJkJIIi7UKigZUXCLLanykgjwBXL0=
github.com/jmespath/go-jmespath v0.4.0 h1:BEgLn5cpjn8UN1mAw4NjwDrS35OdebyEtFe+9YPoQUg=
github.com/jmespath/go-jmespath v0.4.0/go.mod h1:T8mJZnbsbmF+m6zOOFylbeCJqk5+pHWvzYPziyZiYoo=
github.com/jmespath/go-jmespath/internal/testify v1.5.1 h1:shLQSRRSCCPj3f2gpwzGwWFoC7ycTf1rcQZHOlsJ6N8=
github.com/jmespath/go-jmespath/internal/testify v1.5.1/go.mod h1:L3OGu8Wl2/fWfCI6z80xFu9LTZmf1ZRjMHUOPmWr69U=
github.com/klauspost/compress v1.17.11 h1:In6xLpyWOi1+C7tXUUWv2ot1QvBjxevKAaI6IXrJmUc=
github.com/klauspost/compress v1.17.11/go.mod h1:pMDklpSncoRMuLFrf1W9Ss9KT+0rH90U12bZKk7uwG0=
github.com/knadh/koanf/maps v0.1.1 h1:G5TjmUh2D7G2YWf5SQQqSiHRJEjaicvU0KpypqB3NIs=
github.com/knadh/koanf/maps v0.1.1/go.mod h1:npD/QZY3V6ghQDdcQzl1W4ICNVTkohC8E73eI2xW4yI=
github.com/knadh/koanf/parsers/json v0.1.0 h1:dzSZl5pf5bBcW0Acnu20Djleto19T0CfHcvZ14NJ6fU=
github.com/knadh/koanf/parsers/json v0.1.0/go.mod h1:ll2/MlXcZ2BfXD6YJcjVFzhG9P0TdJ207aIBKQhV2hY=
github.com/knadh/koanf/parsers/yaml v0.1.0 h1:ZZ8/iGfRLvKSaMEECEBPM1HQslrZADk8fP1XFUxVI5w=
github.com/knadh/koanf/parsers/yaml v0.1.0/go.mod h1:cvbUDC7AL23pImuQP0oRw/hPuccrNBS2bps8asS0CwY=
github.com/knadh/koanf/providers/file v0.1.0 h1:fs6U7nrV58d3CFAFh8VTde8TM262ObYf3ODrc//Lp+c=
github.com/knadh/koanf/providers/file v0.1.0/go.mod h1:rjJ/nHQl64iYCtAW2QQnF0eSmDEX/YZ/eNFj5yR6BvA=
github.com/knadh/koanf/providers/rawbytes v0.1.0 h1:dpzgu2KO6uf6oCb4aP05KDmKmAmI51k5pe8RYKQ0qME=
github.com/knadh/koanf/providers/rawbytes v0.1.0/go.mod h1:mMTB1/IcJ/yE++A2iEZbY1MLygX7vttU+C+S/YmPu9c=
github.com/knadh/koanf/v2 v2.0.1 h1:1dYGITt1I23x8cfx8ZnldtezdyaZtfAuRtIFOiRzK7g=
github.com/knadh/koanf/v2 v2.0.1/go.mod h1:ZeiIlIDXTE7w1lMT6UVcNiRAS2/rCeLn/GdLNvY1Dus=
github.com/kr/pretty v0.2.1/go.mod h1:ipq/a2n7PKx3OHsz4KJII5eveXtPO4qwEXGdVfWzfnI=
github.com/kr/pretty v0.3.1 h1:flRD4NNwYAUpkphVc1HcthR4KEIFJ65n8Mw5qdRn3LE=
github.com/kr/pretty v0.3.1/go.mod h1:hoEshYVHaxMs3cyo3Yncou5ZscifuDolrwPKZanG3xk=
github.com/kr/pty v1.1.1/go.mod h1:pFQYn66WHrOpPYNljwOMqo10TkYh1fy3cYio2l3bCsQ=
github.com/kr/text v0.1.0/go.mod h1:4Jbv+DJW3UT/LiOwJeYQe1efqtUx/iVham/4vfdArNI=
github.com/kr/text v0.2.0 h1:5Nx0Ya0ZqY2ygV366QzturHI13Jq95ApcVaJBhpS+AY=
github.com/kr/text v0.2.0/go.mod h1:eLer722TekiGuMkidMxC/pM04lWEeraHUUmBw8l2grE=
github.com/kylelemons/godebug v0.0.0-20170820004349-d65d576e9348 h1:MtvEpTB6LX3vkb4ax0b5D2DHbNAUsen0Gx5wZoq3lV4=
github.com/kylelemons/godebug v0.0.0-20170820004349-d65d576e9348/go.mod h1:B69LEHPfb2qLo0BaaOLcbitczOKLWTsrBG9LczfCD4k=
github.com/mattn/go-colorable v0.1.13 h1:fFA4WZxdEF4tXPZVKMLwD8oUnCTTo08duU7wxecdEvA=
github.com/mattn/go-colorable v0.1.13/go.mod h1:7S9/ev0klgBDR4GtXTXX8a3vIGJpMovkB8vQcUbaXHg=
github.com/mattn/go-isatty v0.0.16/go.mod h1:kYGgaQfpe5nmfYZH+SKPsOc2e4SrIfOl2e/yFXSvRLM=
github.com/mattn/go-isatty v0.0.19/go.mod h1:W+V8PltTTMOvKvAeJH7IuucS94S2C6jfK/D7dTCTo3Y=
github.com/mattn/go-isatty v0.0.20 h1:xfD0iDuEKnDkl03q4limB+vH+GxLEtL/jb4xVJSWWEY=
github.com/mattn/go-isatty v0.0.20/go.mod h1:W+V8PltTTMOvKvAeJH7IuucS94S2C6jfK/D7dTCTo3Y=
github.com/mitchellh/copystructure v1.2.0 h1:vpKXTN4ewci03Vljg/q9QvCGUDttBOGBIa15WveJJGw=
github.com/mitchellh/copystructure v1.2.0/go.mod h1:qLl+cE2AmVv+CoeAwDPye/v+N2HKCj9FbZEVFJRxO9s=
github.com/mitchellh/go-homedir v1.1.0 h1:lukF9ziXFxDFPkA1vsr5zpc1XuPDn/wFntq5mG+4E0Y=
github.com/mitchellh/go-homedir v1.1.0/go.mod h1:SfyaCUpYCn1Vlf4IUYiD9fPX4A5wJrkLzIz1N1q0pr0=
github.com/mitchellh/mapstructure v1.5.0 h1:jeMsZIYE/09sWLaz43PL7Gy6RuMjD2eJVyuac5Z2hdY=
github.com/mitchellh/mapstructure v1.5.0/go.mod h1:bFUtVrKA4DC2yAKiSyO/QUcy7e+RRV2QTWOzhPopBRo=
github.com/mitchellh/reflectwalk v1.0.2 h1:G2LzWKi524PWgd3mLHV8Y5k7s6XUvT0Gef6zxSIeXaQ=
github.com/mitchellh/reflectwalk v1.0.2/go.mod h1:mSTlrgnPZtwu0c4WaC2kGObEpuNDbx0jmZXqmk4esnw=
github.com/moby/sys/mountinfo v0.6.2/go.mod h1:IJb6JQeOklcdMU9F5xQ8ZALD+CUr5VlGpwtX+VE0rpI=
github.com/moby/sys/mountinfo v0.7.2 h1:1shs6aH5s4o5H2zQLn796ADW1wMrIwHsyJ2v9KouLrg=
github.com/moby/sys/mountinfo v0.7.2/go.mod h1:1YOa8w8Ih7uW0wALDUgT1dTTSBrZ+HiBLGws92L2RU4=
github.com/opencontainers/go-digest v1.0.0 h1:apOUWs51W5PlhuyGyz9FCeeBIOUDA/6nW8Oi/yOhh5U=
github.com/opencontainers/go-digest v1.0.0/go.mod h1:0JzlMkj0TRzQZfJkVvzbP0HBR3IKzErnv2BNG4W4MAM=
github.com/opencontainers/image-spec v1.1.1 h1:y0fUlFfIZhPF1W537XOLg0/fcx6zcHCJwooC2xJA040=
github.com/opencontainers/image-spec v1.1.1/go.mod h1:qpqAh3Dmcf36wStyyWU+kCeDgrGnAve2nCC8+7h8Q0M=
github.com/pkg/diff v0.0.0-20210226163009-20ebb0f2a09e/go.mod h1:pJLUxLENpZxwdsKMEsNbx1VGcRFpLqf3715MtcvvzbA=
github.com/pkg/errors v0.9.1 h1:FEBLx1zS214owpjy7qsBeixbURkuhQAwrK5UwLGTwt4=
github.com/pkg/errors v0.9.1/go.mod h1:bwawxfHBFNV+L2hUp1rHADufV3IMtnDRdf1r5NINEl0=
github.com/pmezard/go-difflib v1.0.0/go.mod h1:iKH77koFhYxTK1pcRnkKkqfTogsbg7gZNVY4sRDYZ/4=
github.com/pmezard/go-difflib v1.0.1-0.20181226105442-5d4384ee4fb2 h1:Jamvg5psRIccs7FGNTlIRMkT8wgtp5eCXdBlqhYGL6U=
github.com/pmezard/go-difflib v1.0.1-0.20181226105442-5d4384ee4fb2/go.mod h1:iKH77koFhYxTK1pcRnkKkqfTogsbg7gZNVY4sRDYZ/4=
github.com/redis/go-redis/v9 v9.5.1 h1:H1X4D3yHPaYrkL5X06Wh6xNVM/pX0Ft4RV0vMGvLBh8=
github.com/redis/go-redis/v9 v9.5.1/go.mod h1:hdY0cQFCN4fnSYT6TkisLufl/4W5UIXyv0b/CLO2V2M=
github.com/rogpeppe/go-internal v1.9.0/go.mod h1:WtVeX8xhTBvf0smdhujwtBcq4Qrzq/fJaraNFVN+nFs=
github.com/rogpeppe/go-internal v1.11.0 h1:cWPaGQEPrBb5/AsnsZesgZZ9yb1OQ+GOISoDNXVBh4M=
github.com/rogpeppe/go-internal v1.11.0/go.mod h1:ddIwULY96R17DhadqLgMfk9H9tvdUzkipdSkR5nkCZA=
github.com/rs/xid v1.6.0/go.mod h1:7XoLgs4eV+QndskICGsho+ADou8ySMSjJKDIan90Nz0=
github.com/rs/zerolog v1.34.0 h1:k43nTLIwcTVQAncfCw4KZ2VY6ukYoZaBPNOE8txlOeY=
github.com/rs/zerolog v1.34.0/go.mod h1:bJsvje4Z08ROH4Nhs5iH600c3IkWhwp44iRc54W6wYQ=
github.com/shirou/gopsutil v2.21.11+incompatible h1:lOGOyCG67a5dv2hq5Z1BLDUqqKp3HkbjPcz5j6XMS0U=
github.com/shirou/gopsutil v2.21.11+incompatible/go.mod h1:5b4v6he4MtMOwMlS0TUMTu2PcXUg8+E1lC7eC3UO/RA=
github.com/sirupsen/logrus v1.9.3 h1:dueUQJ1C2q9oE3F7wvmSGAaVtTmUizReu6fjN8uqzbQ=
github.com/sirupsen/logrus v1.9.3/go.mod h1:naHLuLoDiP4jHNo9R0sCBMtWGeIprob74mVsIT4qYEQ=
github.com/stretchr/objx v0.1.0/go.mod h1:HFkY916IF+rwdDfMAkV7OtwuqBVzrE8GR6GFx+wExME=
github.com/stretchr/testify v1.6.1/go.mod h1:6Fq8oRcR53rry900zMqJjRRixrwX3KX962/h/Wwjteg=
github.com/stretchr/testify v1.10.0 h1:Xv5erBjTwe/5IxqUQTdXv5kgmIvbHo3QQyRwhJsOfJA=
github.com/stretchr/testify v1.10.0/go.mod h1:r2ic/lqez/lEtzL7wO/rwa5dbSLXVDPFyf8C91i36aY=
github.com/tidwall/btree v1.6.0 h1:LDZfKfQIBHGHWSwckhXI0RPSXzlo+KYdjK7FWSqOzzg=
github.com/tidwall/btree v1.6.0/go.mod h1:twD9XRA5jj9VUQGELzDO4HPQTNJsoWWfYEL+EUQ2cKY=
github.com/tj/assert v0.0.3 h1:Df/BlaZ20mq6kuai7f5z2TvPFiwC3xaWJSDQNiIS3Rk=
github.com/tj/assert v0.0.3/go.mod h1:Ne6X72Q+TB1AteidzQncjw9PabbMp4PBMZ1k+vd1Pvk=
github.com/vbatts/tar-split v0.11.6 h1:4SjTW5+PU11n6fZenf2IPoV8/tz3AaYHMWjf23envGs=
github.com/vbatts/tar-split v0.11.6/go.mod h1:dqKNtesIOr2j2Qv3W/cHjnvk9I8+G7oAkFDFN6TCBEI=
github.com/yusufpapurcu/wmi v1.2.4 h1:zFUKzehAFReQwLys1b/iSMl+JQGSCSjtVqQn9bBrPo0=
github.com/yusufpapurcu/wmi v1.2.4/go.mod h1:SBZ9tNy3G9/m5Oi98Zks0QjeHVDvuK0qfxQmPyzfmi0=
go.opentelemetry.io/auto/sdk v1.1.0 h1:cH53jehLUN6UFLY71z+NDOiNJqDdPRaXzTel0sJySYA=
go.opentelemetry.io/auto/sdk v1.1.0/go.mod h1:3wSPjt5PWp2RhlCcmmOial7AvC4DQqZb7a7wCow3W8A=
go.opentelemetry.io/otel v1.35.0 h1:xKWKPxrxB6OtMCbmMY021CqC45J+3Onta9MqjhnusiQ=
go.opentelemetry.io/otel v1.35.0/go.mod h1:UEqy8Zp11hpkUrL73gSlELM0DupHoiq72dR+Zqel/+Y=
go.opentelemetry.io/otel/metric v1.35.0 h1:0znxYu2SNyuMSQT4Y9WDWej0VpcsxkuklLa4/siN90M=
go.opentelemetry.io/otel/metric v1.35.0/go.mod h1:nKVFgxBZ2fReX6IlyW28MgZojkoAkJGaE8CpgeAU3oE=
go.opentelemetry.io/otel/sdk v1.35.0 h1:iPctf8iprVySXSKJffSS79eOjl9pvxV9ZqOWT0QejKY=
go.opentelemetry.io/otel/sdk v1.35.0/go.mod h1:+ga1bZliga3DxJ3CQGg3updiaAJoNECOgJREo9KHGQg=
go.opentelemetry.io/otel/sdk/metric v1.34.0 h1:5CeK9ujjbFVL5c1PhLuStg1wxA7vQv7ce1EK0Gyvahk=
go.opentelemetry.io/otel/sdk/metric v1.34.0/go.mod h1:jQ/r8Ze28zRKoNRdkjCZxfs6YvBTG1+YIqyFVFYec5w=
go.opentelemetry.io/otel/trace v1.35.0 h1:dPpEfJu1sDIqruz7BHFG3c7528f6ddfSWfFDVt/xgMs=
go.opentelemetry.io/otel/trace v1.35.0/go.mod h1:WUk7DtFp1Aw2MkvqGdwiXYDZZNvA/1J8o6xRXLrIkyc=
golang.org/x/net v0.35.0 h1:T5GQRQb2y08kTAByq9L4/bz8cipCdA8FbRTXewonqY8=
golang.org/x/net v0.35.0/go.mod h1:EglIi67kWsHKlRzzVMUD93VMSWGFOMSZgxFjparz1Qk=
golang.org/x/sync v0.0.0-20201207232520-09787c993a3a/go.mod h1:RxMgew5VJxzue5/jJTE5uejpjVlOe/izrB70Jof72aM=
golang.org/x/sync v0.11.0 h1:GGz8+XQP4FvTTrjZPzNKTMFtSXH80RAzG+5ghFPgK9w=
golang.org/x/sync v0.11.0/go.mod h1:Czt+wKu1gCyEFDUtn0jG5QVvpJ6rzVqr5aXyt9drQfk=
golang.org/x/sys v0.0.0-20190916202348-b4ddaad3f8a3/go.mod h1:h1NjWce9XRLGQEsW7wpKNCjG9DtNlClVuFLEZdDNbEs=
golang.org/x/sys v0.0.0-20220520151302-bc2c85ada10a/go.mod h1:oPkhp1MJrh7nUepCBck5+mAzfO9JrbApNNgaTdGDITg=
golang.org/x/sys v0.0.0-20220811171246-fbc7d0a398ab/go.mod h1:oPkhp1MJrh7nUepCBck5+mAzfO9JrbApNNgaTdGDITg=
golang.org/x/sys v0.1.0/go.mod h1:oPkhp1MJrh7nUepCBck5+mAzfO9JrbApNNgaTdGDITg=
golang.org/x/sys v0.6.0/go.mod h1:oPkhp1MJrh7nUepCBck5+mAzfO9JrbApNNgaTdGDITg=
golang.org/x/sys v0.12.0/go.mod h1:oPkhp1MJrh7nUepCBck5+mAzfO9JrbApNNgaTdGDITg=
golang.org/x/sys v0.30.0 h1:QjkSwP/36a20jFYWkSue1YwXzLmsV5Gfq7Eiy72C1uc=
golang.org/x/sys v0.30.0/go.mod h1:/VUhepiaJMQUp4+oa/7Zr1D23ma6VTLIYjOOTFZPUcA=
golang.org/x/text v0.22.0 h1:bofq7m3/HAFvbF51jz3Q9wLg3jkvSPuiZu/pD1XwgtM=
golang.org/x/text v0.22.0/go.mod h1:YRoo4H8PVmsu+E3Ou7cqLVH8oXWIHVoX0jqUWALQhfY=
google.golang.org/genproto/googleapis/rpc v0.0.0-20250115164207-1a7da9e5054f h1:OxYkA3wjPsZyBylwymxSHa7ViiW1Sml4ToBrncvFehI=
google.golang.org/genproto/googleapis/rpc v0.0.0-20250115164207-1a7da9e5054f/go.mod h1:+2Yz8+CLJbIfL9z73EW45avw8Lmge3xVElCP9zEKi50=
google.golang.org/grpc v1.71.1 h1:ffsFWr7ygTUscGPI0KKK6TLrGz0476KUvvsbqWK0rPI=
google.golang.org/grpc v1.71.1/go.mod h1:H0GRtasmQOh9LkFoCPDu3ZrwUtD1YGE+b2vYBYd/8Ec=
google.golang.org/protobuf v1.36.4 h1:6A3ZDJHn/eNqc1i+IdefRzy/9PokBTPvcqMySR7NNIM=
google.golang.org/protobuf v1.36.4/go.mod h1:9fA7Ob0pmnwhb644+1+CVWFRbNajQ6iRojtC/QF5bRE=
gopkg.in/check.v1 v0.0.0-20161208181325-20d25e280405/go.mod h1:Co6ibVJAznAaIkqp8huTwlJQCZ016jof/cbN4VW5Yz0=
gopkg.in/check.v1 v1.0.0-20201130134442-10cb98267c6c h1:Hei/4ADfdWqJk1ZMxUNpqntNwaWcugrBjAiHlqqRiVk=
gopkg.in/check.v1 v1.0.0-20201130134442-10cb98267c6c/go.mod h1:JHkPIbrfpd72SG/EVd6muEfDQjcINNoR0C8j2r3qZ4Q=
gopkg.in/yaml.v2 v2.2.8/go.mod h1:hI93XBmqTisBFMUTm0b8Fm+jr3Dg1NNxqwp+5A1VGuI=
gopkg.in/yaml.v2 v2.4.0 h1:D8xgwECY7CYvx+Y2n4sBz93Jn9JRvxdiyyo8CTfuKaY=
gopkg.in/yaml.v2 v2.4.0/go.mod h1:RDklbk79AGWmwhnvt/jBztapEOGDOx6ZbXqjP6csGnQ=
gopkg.in/yaml.v3 v3.0.0-20200313102051-9f266ea9e77c/go.mod h1:K4uyk7z7BCEPqu6E+C64Yfv1cQ7kz7rIZviUmN+EgEM=
gopkg.in/yaml.v3 v3.0.0-20200605160147-a5ece683394c/go.mod h1:K4uyk7z7BCEPqu6E+C64Yfv1cQ7kz7rIZviUmN+EgEM=
gopkg.in/yaml.v3 v3.0.1 h1:fxVm/GzAzEWqLHuvctI91KS9hhNmmWOoWu0XTYJS7CA=
gopkg.in/yaml.v3 v3.0.1/go.mod h1:K4uyk7z7BCEPqu6E+C64Yfv1cQ7kz7rIZviUmN+EgEM=
gotest.tools v2.2.0+incompatible h1:VsBPFP1AI068pPrMxtb/S8Zkgf9xEmTLJjfM+P5UIEo=
gotest.tools v2.2.0+incompatible/go.mod h1:DsYFclhRJ6vuDpmuTbkuFWG+y2sxOXAzmJt81HFBacw=
